<?xml version="1.0" encoding="utf-8"?>
<Project ToolsVersion="4.0" xmlns="http://schemas.microsoft.com/developer/msbuild/2003">
  <ItemGroup>
    <Filter Include="Source Files">
      <UniqueIdentifier>{d9ed32ea-1375-4f2b-8f75-623a1b6c5fa1}</UniqueIdentifier>
      <Extensions>cpp;c;cxx;rc;def;r;odl;idl;hpj;bat</Extensions>
    </Filter>
    <Filter Include="Header Files">
      <UniqueIdentifier>{222d7f0d-35b0-4782-9e20-5d5dcd4e9d24}</UniqueIdentifier>
      <Extensions>h;hpp;hxx;hm;inl</Extensions>
    </Filter>
    <Filter Include="Resource Files">
      <UniqueIdentifier>{a0ba306e-5eab-4222-8e98-c93cfa5be097}</UniqueIdentifier>
      <Extensions>ico;cur;bmp;dlg;rc2;rct;bin;rgs;gif;jpg;jpeg;jpe</Extensions>
    </Filter>
  </ItemGroup>
  <ItemGroup>
    <ClCompile Include="bmp_io.cpp">
      <Filter>Source Files</Filter>
    </ClCompile>
    <ClCompile Include="light_source.cpp">
      <Filter>Source Files</Filter>
    </ClCompile>
    <ClCompile Include="raytracer.cpp">
      <Filter>Source Files</Filter>
    </ClCompile>
    <ClCompile Include="scene_object.cpp">
      <Filter>Source Files</Filter>
    </ClCompile>
    <ClCompile Include="util.cpp">
      <Filter>Source Files</Filter>
    </ClCompile>
  </ItemGroup>
  <ItemGroup>
    <ClInclude Include="bmp_io.h">
      <Filter>Header Files</Filter>
    </ClInclude>
    <ClInclude Include="light_source.h">
      <Filter>Header Files</Filter>
    </ClInclude>
    <ClInclude Include="raytracer.h">
      <Filter>Header Files</Filter>
    </ClInclude>
    <ClInclude Include="scene_object.h">
      <Filter>Header Files</Filter>
    </ClInclude>
    <ClInclude Include="util.h">
      <Filter>Header Files</Filter>
    </ClInclude>
  </ItemGroup>
</Project>